
Microsoft Visual Studio Solution File, Format Version 12.00
# Visual Studio 15
VisualStudioVersion = 15.0.27703.2042
MinimumVisualStudioVersion = 10.0.40219.1
Project("{FAE04EC0-301F-11D3-BF4B-00C04F79EFBC}") = "LearningBlazor", "LearningBlazor\LearningBlazor.csproj", "{86EF2D0A-7A9C-4519-94EB-52612F94E203}"
EndProject
Global
	GlobalSection(SolutionConfigurationPlatforms) = preSolution
		Debug|Any CPU = Debug|Any CPU
		Release|Any CPU = Release|Any CPU
	EndGlobalSection
	GlobalSection(ProjectConfigurationPlatforms) = postSolution
		{86EF2D0A-7A9C-4519-94EB-52612F94E203}.Debug|Any CPU.ActiveCfg = Debug|Any CPU
		{86EF2D0A-7A9C-4519-94EB-52612F94E203}.Debug|Any CPU.Build.0 = Debug|Any CPU
		{86EF2D0A-7A9C-4519-94EB-52612F94E203}.Release|Any CPU.ActiveCfg = Release|Any CPU
		{86EF2D0A-7A9C-4519-94EB-52612F94E203}.Release|Any CPU.Build.0 = Release|Any CPU
	EndGlobalSection
	GlobalSection(SolutionProperties) = preSolution
		HideSolutionNode = FALSE
	EndGlobalSection
	GlobalSection(ExtensibilityGlobals) = postSolution
		SolutionGuid = {77099B71-AB34-476B-BEE0-337C0E3C7E00}
	EndGlobalSection
EndGlobal
